
Microsoft Visual Studio Solution File, Format Version 12.00
# Visual Studio Version 16
VisualStudioVersion = 16.6.30114.105
MinimumVisualStudioVersion = 10.0.40219.1
Project("{2150E333-8FDC-42A3-9474-1A3956D46DE8}") = "src", "src", "{AE3B6255-328F-44EC-AE65-3C7B9C70DE52}"
EndProject
Project("{FAE04EC0-301F-11D3-BF4B-00C04F79EFBC}") = "EventStore.ClientAPI", "src\EventStore.ClientAPI\EventStore.ClientAPI.csproj", "{0498C972-2B97-4571-A5CA-D4BE66E5BA17}"
EndProject
Project("{2150E333-8FDC-42A3-9474-1A3956D46DE8}") = "test", "test", "{F937B1F1-67B8-43F9-A50A-302B9B1E209B}"
EndProject
Project("{FAE04EC0-301F-11D3-BF4B-00C04F79EFBC}") = "EventStore.ClientAPI.Tests", "test\EventStore.ClientAPI.Tests\EventStore.ClientAPI.Tests.csproj", "{EB0FBD96-3674-44E7-B490-6958AB0696B9}"
EndProject
Project("{FAE04EC0-301F-11D3-BF4B-00C04F79EFBC}") = "EventStore.ClientAPI.Grpc", "src\EventStore.ClientAPI.Grpc\EventStore.ClientAPI.Grpc.csproj", "{D2E9CCC3-8735-4FF4-92B8-82D5FA0C7F71}"
EndProject
Project("{FAE04EC0-301F-11D3-BF4B-00C04F79EFBC}") = "EventStore.ClientAPI.Grpc.Tests", "test\EventStore.ClientAPI.Grpc.Tests\EventStore.ClientAPI.Grpc.Tests.csproj", "{F0BD4563-5E5F-405A-8144-9136BB3DB699}"
EndProject
Global
	GlobalSection(SolutionConfigurationPlatforms) = preSolution
		Debug|Any CPU = Debug|Any CPU
		Debug|x64 = Debug|x64
		Debug|x86 = Debug|x86
		Release|Any CPU = Release|Any CPU
		Release|x64 = Release|x64
		Release|x86 = Release|x86
	EndGlobalSection
	GlobalSection(SolutionProperties) = preSolution
		HideSolutionNode = FALSE
	EndGlobalSection
	GlobalSection(ProjectConfigurationPlatforms) = postSolution
		{0498C972-2B97-4571-A5CA-D4BE66E5BA17}.Debug|Any CPU.ActiveCfg = Debug|x64
		{0498C972-2B97-4571-A5CA-D4BE66E5BA17}.Debug|Any CPU.Build.0 = Debug|x64
		{0498C972-2B97-4571-A5CA-D4BE66E5BA17}.Debug|x64.ActiveCfg = Debug|x64
		{0498C972-2B97-4571-A5CA-D4BE66E5BA17}.Debug|x64.Build.0 = Debug|x64
		{0498C972-2B97-4571-A5CA-D4BE66E5BA17}.Debug|x86.ActiveCfg = Debug|x64
		{0498C972-2B97-4571-A5CA-D4BE66E5BA17}.Debug|x86.Build.0 = Debug|x64
		{0498C972-2B97-4571-A5CA-D4BE66E5BA17}.Release|Any CPU.ActiveCfg = Release|x64
		{0498C972-2B97-4571-A5CA-D4BE66E5BA17}.Release|Any CPU.Build.0 = Release|x64
		{0498C972-2B97-4571-A5CA-D4BE66E5BA17}.Release|x64.ActiveCfg = Release|x64
		{0498C972-2B97-4571-A5CA-D4BE66E5BA17}.Release|x64.Build.0 = Release|x64
		{0498C972-2B97-4571-A5CA-D4BE66E5BA17}.Release|x86.ActiveCfg = Release|x64
		{0498C972-2B97-4571-A5CA-D4BE66E5BA17}.Release|x86.Build.0 = Release|x64
		{EB0FBD96-3674-44E7-B490-6958AB0696B9}.Debug|Any CPU.ActiveCfg = Debug|x64
		{EB0FBD96-3674-44E7-B490-6958AB0696B9}.Debug|Any CPU.Build.0 = Debug|x64
		{EB0FBD96-3674-44E7-B490-6958AB0696B9}.Debug|x64.ActiveCfg = Debug|x64
		{EB0FBD96-3674-44E7-B490-6958AB0696B9}.Debug|x64.Build.0 = Debug|x64
		{EB0FBD96-3674-44E7-B490-6958AB0696B9}.Debug|x86.ActiveCfg = Debug|x64
		{EB0FBD96-3674-44E7-B490-6958AB0696B9}.Debug|x86.Build.0 = Debug|x64
		{EB0FBD96-3674-44E7-B490-6958AB0696B9}.Release|Any CPU.ActiveCfg = Release|x64
		{EB0FBD96-3674-44E7-B490-6958AB0696B9}.Release|Any CPU.Build.0 = Release|x64
		{EB0FBD96-3674-44E7-B490-6958AB0696B9}.Release|x64.ActiveCfg = Release|x64
		{EB0FBD96-3674-44E7-B490-6958AB0696B9}.Release|x64.Build.0 = Release|x64
		{EB0FBD96-3674-44E7-B490-6958AB0696B9}.Release|x86.ActiveCfg = Release|x64
		{EB0FBD96-3674-44E7-B490-6958AB0696B9}.Release|x86.Build.0 = Release|x64
		{D2E9CCC3-8735-4FF4-92B8-82D5FA0C7F71}.Debug|Any CPU.ActiveCfg = Debug|Any CPU
		{D2E9CCC3-8735-4FF4-92B8-82D5FA0C7F71}.Debug|Any CPU.Build.0 = Debug|Any CPU
		{D2E9CCC3-8735-4FF4-92B8-82D5FA0C7F71}.Debug|x64.ActiveCfg = Debug|Any CPU
		{D2E9CCC3-8735-4FF4-92B8-82D5FA0C7F71}.Debug|x64.Build.0 = Debug|Any CPU
		{D2E9CCC3-8735-4FF4-92B8-82D5FA0C7F71}.Debug|x86.ActiveCfg = Debug|Any CPU
		{D2E9CCC3-8735-4FF4-92B8-82D5FA0C7F71}.Debug|x86.Build.0 = Debug|Any CPU
		{D2E9CCC3-8735-4FF4-92B8-82D5FA0C7F71}.Release|Any CPU.ActiveCfg = Release|Any CPU
		{D2E9CCC3-8735-4FF4-92B8-82D5FA0C7F71}.Release|Any CPU.Build.0 = Release|Any CPU
		{D2E9CCC3-8735-4FF4-92B8-82D5FA0C7F71}.Release|x64.ActiveCfg = Release|Any CPU
		{D2E9CCC3-8735-4FF4-92B8-82D5FA0C7F71}.Release|x64.Build.0 = Release|Any CPU
		{D2E9CCC3-8735-4FF4-92B8-82D5FA0C7F71}.Release|x86.ActiveCfg = Release|Any CPU
		{D2E9CCC3-8735-4FF4-92B8-82D5FA0C7F71}.Release|x86.Build.0 = Release|Any CPU
		{F0BD4563-5E5F-405A-8144-9136BB3DB699}.Debug|Any CPU.ActiveCfg = Debug|Any CPU
		{F0BD4563-5E5F-405A-8144-9136BB3DB699}.Debug|Any CPU.Build.0 = Debug|Any CPU
		{F0BD4563-5E5F-405A-8144-9136BB3DB699}.Debug|x64.ActiveCfg = Debug|Any CPU
		{F0BD4563-5E5F-405A-8144-9136BB3DB699}.Debug|x64.Build.0 = Debug|Any CPU
		{F0BD4563-5E5F-405A-8144-9136BB3DB699}.Debug|x86.ActiveCfg = Debug|Any CPU
		{F0BD4563-5E5F-405A-8144-9136BB3DB699}.Debug|x86.Build.0 = Debug|Any CPU
		{F0BD4563-5E5F-405A-8144-9136BB3DB699}.Release|Any CPU.ActiveCfg = Release|Any CPU
		{F0BD4563-5E5F-405A-8144-9136BB3DB699}.Release|Any CPU.Build.0 = Release|Any CPU
		{F0BD4563-5E5F-405A-8144-9136BB3DB699}.Release|x64.ActiveCfg = Release|Any CPU
		{F0BD4563-5E5F-405A-8144-9136BB3DB699}.Release|x64.Build.0 = Release|Any CPU
		{F0BD4563-5E5F-405A-8144-9136BB3DB699}.Release|x86.ActiveCfg = Release|Any CPU
		{F0BD4563-5E5F-405A-8144-9136BB3DB699}.Release|x86.Build.0 = Release|Any CPU
	EndGlobalSection
	GlobalSection(NestedProjects) = preSolution
		{0498C972-2B97-4571-A5CA-D4BE66E5BA17} = {AE3B6255-328F-44EC-AE65-3C7B9C70DE52}
		{EB0FBD96-3674-44E7-B490-6958AB0696B9} = {F937B1F1-67B8-43F9-A50A-302B9B1E209B}
		{D2E9CCC3-8735-4FF4-92B8-82D5FA0C7F71} = {AE3B6255-328F-44EC-AE65-3C7B9C70DE52}
		{F0BD4563-5E5F-405A-8144-9136BB3DB699} = {F937B1F1-67B8-43F9-A50A-302B9B1E209B}
	EndGlobalSection
EndGlobal
